// !$*UTF8*$!
{
	archiveVersion = 1;
	classes = {
	};
	objectVersion = 77;
	objects = {

/* Begin PBXBuildFile section */
		C60512ED2E86F483005D1A27 /* UsersView.swift in Sources */ = {isa = PBXBuildFile; fileRef = C60512EC2E86F483005D1A27 /* UsersView.swift */; };
		C60512F22E86F4B3005D1A27 /* UsersViewModel.swift in Sources */ = {isa = PBXBuildFile; fileRef = C60512F12E86F4B3005D1A27 /* UsersViewModel.swift */; };
		C60512F42E86F4CF005D1A27 /* User.swift in Sources */ = {isa = PBXBuildFile; fileRef = C60512F32E86F4CF005D1A27 /* User.swift */; };
		C60512F72E86F719005D1A27 /* UserDTO.swift in Sources */ = {isa = PBXBuildFile; fileRef = C60512F62E86F719005D1A27 /* UserDTO.swift */; };
		C60512F92E86F971005D1A27 /* UserListRowView.swift in Sources */ = {isa = PBXBuildFile; fileRef = C60512F82E86F971005D1A27 /* UserListRowView.swift */; };
		C60512FC2E86FB05005D1A27 /* NunitoSans-Regular.ttf in Resources */ = {isa = PBXBuildFile; fileRef = C60512FB2E86FB05005D1A27 /* NunitoSans-Regular.ttf */; };
		C60512FE2E86FB10005D1A27 /* NunitoSans-SemiBold.ttf in Resources */ = {isa = PBXBuildFile; fileRef = C60512FD2E86FB10005D1A27 /* NunitoSans-SemiBold.ttf */; };
		C60513002E86FC0B005D1A27 /* CustomFont.swift in Sources */ = {isa = PBXBuildFile; fileRef = C60512FF2E86FC0B005D1A27 /* CustomFont.swift */; };
		C60513042E86FF9A005D1A27 /* TitleView.swift in Sources */ = {isa = PBXBuildFile; fileRef = C60513032E86FF9A005D1A27 /* TitleView.swift */; };
		C60513062E8700FC005D1A27 /* EventView.swift in Sources */ = {isa = PBXBuildFile; fileRef = C60513052E8700FC005D1A27 /* EventView.swift */; };
		C60513082E87015D005D1A27 /* EmptyUsersView.swift in Sources */ = {isa = PBXBuildFile; fileRef = C60513072E87015D005D1A27 /* EmptyUsersView.swift */; };
		C605130A2E870182005D1A27 /* UsersListView.swift in Sources */ = {isa = PBXBuildFile; fileRef = C60513092E870182005D1A27 /* UsersListView.swift */; };
		C605130C2E870845005D1A27 /* NetworkService.swift in Sources */ = {isa = PBXBuildFile; fileRef = C605130B2E870845005D1A27 /* NetworkService.swift */; };
		C605130F2E870A05005D1A27 /* AppConfig.swift in Sources */ = {isa = PBXBuildFile; fileRef = C605130E2E870A05005D1A27 /* AppConfig.swift */; };
		C60513122E870B4B005D1A27 /* APIEndpoint.swift in Sources */ = {isa = PBXBuildFile; fileRef = C60513112E870B4B005D1A27 /* APIEndpoint.swift */; };
		C60513142E870BFF005D1A27 /* HTTPMethod.swift in Sources */ = {isa = PBXBuildFile; fileRef = C60513132E870BFF005D1A27 /* HTTPMethod.swift */; };
		C60513162E870DA6005D1A27 /* NetError.swift in Sources */ = {isa = PBXBuildFile; fileRef = C60513152E870DA5005D1A27 /* NetError.swift */; };
		C60513182E87115B005D1A27 /* AppDependency.swift in Sources */ = {isa = PBXBuildFile; fileRef = C60513172E87115B005D1A27 /* AppDependency.swift */; };
		C6183D212E8B0FB70087AEB6 /* RadioButton.swift in Sources */ = {isa = PBXBuildFile; fileRef = C6183D202E8B0FB70087AEB6 /* RadioButton.swift */; };
		C651593A2E8939430099A2F6 /* ImageCache.swift in Sources */ = {isa = PBXBuildFile; fileRef = C65159392E8939430099A2F6 /* ImageCache.swift */; };
		C69182C12E89B75100F49982 /* SignUpView.swift in Sources */ = {isa = PBXBuildFile; fileRef = C69182C02E89B75100F49982 /* SignUpView.swift */; };
		C69182C32E89B76000F49982 /* SignUpViewModel.swift in Sources */ = {isa = PBXBuildFile; fileRef = C69182C22E89B76000F49982 /* SignUpViewModel.swift */; };
		C69182C52E89BD8800F49982 /* UserPositionsDTO.swift in Sources */ = {isa = PBXBuildFile; fileRef = C69182C42E89BD8800F49982 /* UserPositionsDTO.swift */; };
		C69182C72E89BDEF00F49982 /* UserPosition.swift in Sources */ = {isa = PBXBuildFile; fileRef = C69182C62E89BDEF00F49982 /* UserPosition.swift */; };
		C69182C92E89C21400F49982 /* PositionsView.swift in Sources */ = {isa = PBXBuildFile; fileRef = C69182C82E89C21400F49982 /* PositionsView.swift */; };
		C6B87A552E88326400106566 /* ActionButton.swift in Sources */ = {isa = PBXBuildFile; fileRef = C6B87A542E88326400106566 /* ActionButton.swift */; };
		C6C78C812E866EE80009544D /* Item.swift in Sources */ = {isa = PBXBuildFile; fileRef = C6C78C7D2E866EE80009544D /* Item.swift */; };
		C6C78C822E866EE80009544D /* UsersTestTaskApp.swift in Sources */ = {isa = PBXBuildFile; fileRef = C6C78C7E2E866EE80009544D /* UsersTestTaskApp.swift */; };
		C6C78C832E866EE80009544D /* Assets.xcassets in Resources */ = {isa = PBXBuildFile; fileRef = C6C78C7B2E866EE80009544D /* Assets.xcassets */; };
		C6C78C862E866EEB0009544D /* UsersTestTaskTests.swift in Sources */ = {isa = PBXBuildFile; fileRef = C6C78C842E866EEB0009544D /* UsersTestTaskTests.swift */; };
		C6C78C962E8675EC0009544D /* Launch Screen.storyboard in Resources */ = {isa = PBXBuildFile; fileRef = C6C78C952E8675EC0009544D /* Launch Screen.storyboard */; };
		C6C78C9A2E867C670009544D /* TabBarView.swift in Sources */ = {isa = PBXBuildFile; fileRef = C6C78C992E867C670009544D /* TabBarView.swift */; };
/* End PBXBuildFile section */

/* Begin PBXContainerItemProxy section */
		C6C78C5F2E866EE20009544D /* PBXContainerItemProxy */ = {
			isa = PBXContainerItemProxy;
			containerPortal = C6C78C472E866EE10009544D /* Project object */;
			proxyType = 1;
			remoteGlobalIDString = C6C78C4E2E866EE10009544D;
			remoteInfo = UsersTestTask;
		};
/* End PBXContainerItemProxy section */

/* Begin PBXFileReference section */
		C60512EC2E86F483005D1A27 /* UsersView.swift */ = {isa = PBXFileReference; lastKnownFileType = sourcecode.swift; path = UsersView.swift; sourceTree = "<group>"; };
		C60512F12E86F4B3005D1A27 /* UsersViewModel.swift */ = {isa = PBXFileReference; lastKnownFileType = sourcecode.swift; path = UsersViewModel.swift; sourceTree = "<group>"; };
		C60512F32E86F4CF005D1A27 /* User.swift */ = {isa = PBXFileReference; lastKnownFileType = sourcecode.swift; path = User.swift; sourceTree = "<group>"; };
		C60512F62E86F719005D1A27 /* UserDTO.swift */ = {isa = PBXFileReference; lastKnownFileType = sourcecode.swift; path = UserDTO.swift; sourceTree = "<group>"; };
		C60512F82E86F971005D1A27 /* UserListRowView.swift */ = {isa = PBXFileReference; lastKnownFileType = sourcecode.swift; path = UserListRowView.swift; sourceTree = "<group>"; };
		C60512FB2E86FB05005D1A27 /* NunitoSans-Regular.ttf */ = {isa = PBXFileReference; lastKnownFileType = file; path = "NunitoSans-Regular.ttf"; sourceTree = "<group>"; };
		C60512FD2E86FB10005D1A27 /* NunitoSans-SemiBold.ttf */ = {isa = PBXFileReference; lastKnownFileType = file; path = "NunitoSans-SemiBold.ttf"; sourceTree = "<group>"; };
		C60512FF2E86FC0B005D1A27 /* CustomFont.swift */ = {isa = PBXFileReference; lastKnownFileType = sourcecode.swift; path = CustomFont.swift; sourceTree = "<group>"; };
		C60513032E86FF9A005D1A27 /* TitleView.swift */ = {isa = PBXFileReference; lastKnownFileType = sourcecode.swift; path = TitleView.swift; sourceTree = "<group>"; };
		C60513052E8700FC005D1A27 /* EventView.swift */ = {isa = PBXFileReference; lastKnownFileType = sourcecode.swift; path = EventView.swift; sourceTree = "<group>"; };
		C60513072E87015D005D1A27 /* EmptyUsersView.swift */ = {isa = PBXFileReference; lastKnownFileType = sourcecode.swift; path = EmptyUsersView.swift; sourceTree = "<group>"; };
		C60513092E870182005D1A27 /* UsersListView.swift */ = {isa = PBXFileReference; lastKnownFileType = sourcecode.swift; path = UsersListView.swift; sourceTree = "<group>"; };
		C605130B2E870845005D1A27 /* NetworkService.swift */ = {isa = PBXFileReference; lastKnownFileType = sourcecode.swift; path = NetworkService.swift; sourceTree = "<group>"; };
		C605130E2E870A05005D1A27 /* AppConfig.swift */ = {isa = PBXFileReference; lastKnownFileType = sourcecode.swift; path = AppConfig.swift; sourceTree = "<group>"; };
		C60513112E870B4B005D1A27 /* APIEndpoint.swift */ = {isa = PBXFileReference; lastKnownFileType = sourcecode.swift; path = APIEndpoint.swift; sourceTree = "<group>"; };
		C60513132E870BFF005D1A27 /* HTTPMethod.swift */ = {isa = PBXFileReference; lastKnownFileType = sourcecode.swift; path = HTTPMethod.swift; sourceTree = "<group>"; };
		C60513152E870DA5005D1A27 /* NetError.swift */ = {isa = PBXFileReference; lastKnownFileType = sourcecode.swift; path = NetError.swift; sourceTree = "<group>"; };
		C60513172E87115B005D1A27 /* AppDependency.swift */ = {isa = PBXFileReference; lastKnownFileType = sourcecode.swift; path = AppDependency.swift; sourceTree = "<group>"; };
		C6183D202E8B0FB70087AEB6 /* RadioButton.swift */ = {isa = PBXFileReference; lastKnownFileType = sourcecode.swift; path = RadioButton.swift; sourceTree = "<group>"; };
		C65159392E8939430099A2F6 /* ImageCache.swift */ = {isa = PBXFileReference; lastKnownFileType = sourcecode.swift; path = ImageCache.swift; sourceTree = "<group>"; };
		C69182C02E89B75100F49982 /* SignUpView.swift */ = {isa = PBXFileReference; lastKnownFileType = sourcecode.swift; path = SignUpView.swift; sourceTree = "<group>"; };
		C69182C22E89B76000F49982 /* SignUpViewModel.swift */ = {isa = PBXFileReference; lastKnownFileType = sourcecode.swift; path = SignUpViewModel.swift; sourceTree = "<group>"; };
		C69182C42E89BD8800F49982 /* UserPositionsDTO.swift */ = {isa = PBXFileReference; lastKnownFileType = sourcecode.swift; path = UserPositionsDTO.swift; sourceTree = "<group>"; };
		C69182C62E89BDEF00F49982 /* UserPosition.swift */ = {isa = PBXFileReference; lastKnownFileType = sourcecode.swift; path = UserPosition.swift; sourceTree = "<group>"; };
		C69182C82E89C21400F49982 /* PositionsView.swift */ = {isa = PBXFileReference; lastKnownFileType = sourcecode.swift; path = PositionsView.swift; sourceTree = "<group>"; };
		C6B87A542E88326400106566 /* ActionButton.swift */ = {isa = PBXFileReference; lastKnownFileType = sourcecode.swift; path = ActionButton.swift; sourceTree = "<group>"; };
		C6C78C4F2E866EE10009544D /* UsersTestTask.app */ = {isa = PBXFileReference; explicitFileType = wrapper.application; includeInIndex = 0; path = UsersTestTask.app; sourceTree = BUILT_PRODUCTS_DIR; };
		C6C78C5E2E866EE20009544D /* UsersTestTaskTests.xctest */ = {isa = PBXFileReference; explicitFileType = wrapper.cfbundle; includeInIndex = 0; path = UsersTestTaskTests.xctest; sourceTree = BUILT_PRODUCTS_DIR; };
		C6C78C7B2E866EE80009544D /* Assets.xcassets */ = {isa = PBXFileReference; lastKnownFileType = folder.assetcatalog; path = Assets.xcassets; sourceTree = "<group>"; };
		C6C78C7D2E866EE80009544D /* Item.swift */ = {isa = PBXFileReference; lastKnownFileType = sourcecode.swift; path = Item.swift; sourceTree = "<group>"; };
		C6C78C7E2E866EE80009544D /* UsersTestTaskApp.swift */ = {isa = PBXFileReference; lastKnownFileType = sourcecode.swift; path = UsersTestTaskApp.swift; sourceTree = "<group>"; };
		C6C78C842E866EEB0009544D /* UsersTestTaskTests.swift */ = {isa = PBXFileReference; lastKnownFileType = sourcecode.swift; path = UsersTestTaskTests.swift; sourceTree = "<group>"; };
		C6C78C952E8675EC0009544D /* Launch Screen.storyboard */ = {isa = PBXFileReference; lastKnownFileType = file.storyboard; path = "Launch Screen.storyboard"; sourceTree = "<group>"; };
		C6C78C972E867A1A0009544D /* Info.plist */ = {isa = PBXFileReference; lastKnownFileType = text.plist.xml; path = Info.plist; sourceTree = "<group>"; };
		C6C78C992E867C670009544D /* TabBarView.swift */ = {isa = PBXFileReference; lastKnownFileType = sourcecode.swift; path = TabBarView.swift; sourceTree = "<group>"; };
/* End PBXFileReference section */

/* Begin PBXFrameworksBuildPhase section */
		C6C78C4C2E866EE10009544D /* Frameworks */ = {
			isa = PBXFrameworksBuildPhase;
			buildActionMask = 2147483647;
			files = (
			);
			runOnlyForDeploymentPostprocessing = 0;
		};
		C6C78C5B2E866EE20009544D /* Frameworks */ = {
			isa = PBXFrameworksBuildPhase;
			buildActionMask = 2147483647;
			files = (
			);
			runOnlyForDeploymentPostprocessing = 0;
		};
/* End PBXFrameworksBuildPhase section */

/* Begin PBXGroup section */
		C60512EB2E86F478005D1A27 /* Users */ = {
			isa = PBXGroup;
			children = (
				C69182BF2E89B73F00F49982 /* Model */,
				C60512EE2E86F489005D1A27 /* View */,
				C60512EF2E86F48F005D1A27 /* ViewModel */,
			);
			path = Users;
			sourceTree = "<group>";
		};
		C60512EE2E86F489005D1A27 /* View */ = {
			isa = PBXGroup;
			children = (
				C60513072E87015D005D1A27 /* EmptyUsersView.swift */,
				C60512F82E86F971005D1A27 /* UserListRowView.swift */,
				C60513092E870182005D1A27 /* UsersListView.swift */,
				C60512EC2E86F483005D1A27 /* UsersView.swift */,
			);
			path = View;
			sourceTree = "<group>";
		};
		C60512EF2E86F48F005D1A27 /* ViewModel */ = {
			isa = PBXGroup;
			children = (
				C60512F12E86F4B3005D1A27 /* UsersViewModel.swift */,
			);
			path = ViewModel;
			sourceTree = "<group>";
		};
		C60512F52E86F6E7005D1A27 /* DTO */ = {
			isa = PBXGroup;
			children = (
				C60512F62E86F719005D1A27 /* UserDTO.swift */,
				C69182C42E89BD8800F49982 /* UserPositionsDTO.swift */,
			);
			path = DTO;
			sourceTree = "<group>";
		};
		C60512FA2E86FAF9005D1A27 /* Fonts */ = {
			isa = PBXGroup;
			children = (
				C60512FB2E86FB05005D1A27 /* NunitoSans-Regular.ttf */,
				C60512FD2E86FB10005D1A27 /* NunitoSans-SemiBold.ttf */,
			);
			path = Fonts;
			sourceTree = "<group>";
		};
		C60513012E86FF82005D1A27 /* Shared */ = {
			isa = PBXGroup;
			children = (
				C60513022E86FF8D005D1A27 /* Components */,
			);
			path = Shared;
			sourceTree = "<group>";
		};
		C60513022E86FF8D005D1A27 /* Components */ = {
			isa = PBXGroup;
			children = (
				C60513032E86FF9A005D1A27 /* TitleView.swift */,
				C60513052E8700FC005D1A27 /* EventView.swift */,
				C6B87A542E88326400106566 /* ActionButton.swift */,
				C6183D202E8B0FB70087AEB6 /* RadioButton.swift */,
			);
			path = Components;
			sourceTree = "<group>";
		};
		C605130D2E8709FC005D1A27 /* Config */ = {
			isa = PBXGroup;
			children = (
				C605130E2E870A05005D1A27 /* AppConfig.swift */,
			);
			path = Config;
			sourceTree = "<group>";
		};
		C60513102E870A90005D1A27 /* Extensions */ = {
			isa = PBXGroup;
			children = (
			);
			path = Extensions;
			sourceTree = "<group>";
		};
		C69182BA2E89B6D500F49982 /* SignUp */ = {
			isa = PBXGroup;
			children = (
				C69182BD2E89B6E900F49982 /* Model */,
				C69182BC2E89B6E500F49982 /* View */,
				C69182BB2E89B6DF00F49982 /* ViewModel */,
			);
			path = SignUp;
			sourceTree = "<group>";
		};
		C69182BB2E89B6DF00F49982 /* ViewModel */ = {
			isa = PBXGroup;
			children = (
				C69182C22E89B76000F49982 /* SignUpViewModel.swift */,
			);
			path = ViewModel;
			sourceTree = "<group>";
		};
		C69182BC2E89B6E500F49982 /* View */ = {
			isa = PBXGroup;
			children = (
				C69182C02E89B75100F49982 /* SignUpView.swift */,
				C69182C82E89C21400F49982 /* PositionsView.swift */,
			);
			path = View;
			sourceTree = "<group>";
		};
		C69182BD2E89B6E900F49982 /* Model */ = {
			isa = PBXGroup;
			children = (
				C69182C62E89BDEF00F49982 /* UserPosition.swift */,
			);
			path = Model;
			sourceTree = "<group>";
		};
		C69182BF2E89B73F00F49982 /* Model */ = {
			isa = PBXGroup;
			children = (
				C60512F32E86F4CF005D1A27 /* User.swift */,
			);
			path = Model;
			sourceTree = "<group>";
		};
		C6C78C462E866EE10009544D = {
			isa = PBXGroup;
			children = (
				C6C78C7F2E866EE80009544D /* UsersTestTask */,
				C6C78C852E866EEB0009544D /* UsersTestTaskTests */,
				C6C78C502E866EE10009544D /* Products */,
			);
			sourceTree = "<group>";
		};
		C6C78C502E866EE10009544D /* Products */ = {
			isa = PBXGroup;
			children = (
				C6C78C4F2E866EE10009544D /* UsersTestTask.app */,
				C6C78C5E2E866EE20009544D /* UsersTestTaskTests.xctest */,
			);
			name = Products;
			sourceTree = "<group>";
		};
		C6C78C7F2E866EE80009544D /* UsersTestTask */ = {
			isa = PBXGroup;
			children = (
				C6C78C972E867A1A0009544D /* Info.plist */,
				C60513012E86FF82005D1A27 /* Shared */,
				C6C78C932E866FE60009544D /* App */,
				C6C78C8D2E866F340009544D /* Core */,
				C6C78C8F2E866F430009544D /* Helpers */,
				C6C78C8E2E866F3A0009544D /* Modules */,
				C6C78C902E866F480009544D /* Resources */,
			);
			path = UsersTestTask;
			sourceTree = "<group>";
		};
		C6C78C852E866EEB0009544D /* UsersTestTaskTests */ = {
			isa = PBXGroup;
			children = (
				C6C78C842E866EEB0009544D /* UsersTestTaskTests.swift */,
			);
			path = UsersTestTaskTests;
			sourceTree = "<group>";
		};
		C6C78C8C2E866F2C0009544D /* Services */ = {
			isa = PBXGroup;
			children = (
				C6C78C922E866F840009544D /* Network */,
				C6C78C912E866F6D0009544D /* Storage */,
			);
			path = Services;
			sourceTree = "<group>";
		};
		C6C78C8D2E866F340009544D /* Core */ = {
			isa = PBXGroup;
			children = (
				C605130D2E8709FC005D1A27 /* Config */,
				C60513102E870A90005D1A27 /* Extensions */,
				C6C78C8C2E866F2C0009544D /* Services */,
			);
			path = Core;
			sourceTree = "<group>";
		};
		C6C78C8E2E866F3A0009544D /* Modules */ = {
			isa = PBXGroup;
			children = (
				C6C78C982E867C5D0009544D /* Main */,
				C69182BA2E89B6D500F49982 /* SignUp */,
				C60512EB2E86F478005D1A27 /* Users */,
			);
			path = Modules;
			sourceTree = "<group>";
		};
		C6C78C8F2E866F430009544D /* Helpers */ = {
			isa = PBXGroup;
			children = (
				C60512FF2E86FC0B005D1A27 /* CustomFont.swift */,
			);
			path = Helpers;
			sourceTree = "<group>";
		};
		C6C78C902E866F480009544D /* Resources */ = {
			isa = PBXGroup;
			children = (
				C60512FA2E86FAF9005D1A27 /* Fonts */,
				C6C78C7B2E866EE80009544D /* Assets.xcassets */,
				C6C78C952E8675EC0009544D /* Launch Screen.storyboard */,
			);
			path = Resources;
			sourceTree = "<group>";
		};
		C6C78C912E866F6D0009544D /* Storage */ = {
			isa = PBXGroup;
			children = (
				C6C78C7D2E866EE80009544D /* Item.swift */,
				C65159392E8939430099A2F6 /* ImageCache.swift */,
			);
			path = Storage;
			sourceTree = "<group>";
		};
		C6C78C922E866F840009544D /* Network */ = {
			isa = PBXGroup;
			children = (
				C60512F52E86F6E7005D1A27 /* DTO */,
				C60513112E870B4B005D1A27 /* APIEndpoint.swift */,
				C60513132E870BFF005D1A27 /* HTTPMethod.swift */,
				C60513152E870DA5005D1A27 /* NetError.swift */,
				C605130B2E870845005D1A27 /* NetworkService.swift */,
			);
			path = Network;
			sourceTree = "<group>";
		};
		C6C78C932E866FE60009544D /* App */ = {
			isa = PBXGroup;
			children = (
				C6C78C7E2E866EE80009544D /* UsersTestTaskApp.swift */,
				C60513172E87115B005D1A27 /* AppDependency.swift */,
			);
			path = App;
			sourceTree = "<group>";
		};
		C6C78C982E867C5D0009544D /* Main */ = {
			isa = PBXGroup;
			children = (
				C6C78C992E867C670009544D /* TabBarView.swift */,
			);
			path = Main;
			sourceTree = "<group>";
		};
/* End PBXGroup section */

/* Begin PBXNativeTarget section */
		C6C78C4E2E866EE10009544D /* UsersTestTask */ = {
			isa = PBXNativeTarget;
			buildConfigurationList = C6C78C722E866EE20009544D /* Build configuration list for PBXNativeTarget "UsersTestTask" */;
			buildPhases = (
				C6C78C4B2E866EE10009544D /* Sources */,
				C6C78C4C2E866EE10009544D /* Frameworks */,
				C6C78C4D2E866EE10009544D /* Resources */,
				C6C78C942E8671A50009544D /* ShellScript */,
			);
			buildRules = (
			);
			dependencies = (
			);
			name = UsersTestTask;
			packageProductDependencies = (
			);
			productName = UsersTestTask;
			productReference = C6C78C4F2E866EE10009544D /* UsersTestTask.app */;
			productType = "com.apple.product-type.application";
		};
		C6C78C5D2E866EE20009544D /* UsersTestTaskTests */ = {
			isa = PBXNativeTarget;
			buildConfigurationList = C6C78C752E866EE20009544D /* Build configuration list for PBXNativeTarget "UsersTestTaskTests" */;
			buildPhases = (
				C6C78C5A2E866EE20009544D /* Sources */,
				C6C78C5B2E866EE20009544D /* Frameworks */,
				C6C78C5C2E866EE20009544D /* Resources */,
			);
			buildRules = (
			);
			dependencies = (
				C6C78C602E866EE20009544D /* PBXTargetDependency */,
			);
			name = UsersTestTaskTests;
			packageProductDependencies = (
			);
			productName = UsersTestTaskTests;
			productReference = C6C78C5E2E866EE20009544D /* UsersTestTaskTests.xctest */;
			productType = "com.apple.product-type.bundle.unit-test";
		};
/* End PBXNativeTarget section */

/* Begin PBXProject section */
		C6C78C472E866EE10009544D /* Project object */ = {
			isa = PBXProject;
			attributes = {
				BuildIndependentTargetsInParallel = 1;
				LastSwiftUpdateCheck = 2600;
				LastUpgradeCheck = 2600;
				TargetAttributes = {
					C6C78C4E2E866EE10009544D = {
						CreatedOnToolsVersion = 26.0;
					};
					C6C78C5D2E866EE20009544D = {
						CreatedOnToolsVersion = 26.0;
						TestTargetID = C6C78C4E2E866EE10009544D;
					};
				};
			};
			buildConfigurationList = C6C78C4A2E866EE10009544D /* Build configuration list for PBXProject "UsersTestTask" */;
			developmentRegion = en;
			hasScannedForEncodings = 0;
			knownRegions = (
				en,
				Base,
			);
			mainGroup = C6C78C462E866EE10009544D;
			minimizedProjectReferenceProxies = 1;
			preferredProjectObjectVersion = 77;
			productRefGroup = C6C78C502E866EE10009544D /* Products */;
			projectDirPath = "";
			projectRoot = "";
			targets = (
				C6C78C4E2E866EE10009544D /* UsersTestTask */,
				C6C78C5D2E866EE20009544D /* UsersTestTaskTests */,
			);
		};
/* End PBXProject section */

/* Begin PBXResourcesBuildPhase section */
		C6C78C4D2E866EE10009544D /* Resources */ = {
			isa = PBXResourcesBuildPhase;
			buildActionMask = 2147483647;
			files = (
				C6C78C962E8675EC0009544D /* Launch Screen.storyboard in Resources */,
				C60512FE2E86FB10005D1A27 /* NunitoSans-SemiBold.ttf in Resources */,
				C60512FC2E86FB05005D1A27 /* NunitoSans-Regular.ttf in Resources */,
				C6C78C832E866EE80009544D /* Assets.xcassets in Resources */,
			);
			runOnlyForDeploymentPostprocessing = 0;
		};
		C6C78C5C2E866EE20009544D /* Resources */ = {
			isa = PBXResourcesBuildPhase;
			buildActionMask = 2147483647;
			files = (
			);
			runOnlyForDeploymentPostprocessing = 0;
		};
/* End PBXResourcesBuildPhase section */

/* Begin PBXShellScriptBuildPhase section */
		C6C78C942E8671A50009544D /* ShellScript */ = {
			isa = PBXShellScriptBuildPhase;
			alwaysOutOfDate = 1;
			buildActionMask = 2147483647;
			files = (
			);
			inputFileListPaths = (
			);
			inputPaths = (
			);
			outputFileListPaths = (
			);
			outputPaths = (
			);
			runOnlyForDeploymentPostprocessing = 0;
			shellPath = /bin/sh;
			shellScript = "if [[ \"$(uname -m)\" == arm64 ]]\nthen\n    export PATH=\"/opt/homebrew/bin:$PATH\"\nfi\n\nif command -v swiftlint >/dev/null 2>&1\nthen\n    swiftlint\nelse\n    echo \"warning: `swiftlint` command not found - See https://github.com/realm/SwiftLint#installation for installation instructions.\"\nfi\n";
		};
/* End PBXShellScriptBuildPhase section */

/* Begin PBXSourcesBuildPhase section */
		C6C78C4B2E866EE10009544D /* Sources */ = {
			isa = PBXSourcesBuildPhase;
			buildActionMask = 2147483647;
			files = (
				C60513002E86FC0B005D1A27 /* CustomFont.swift in Sources */,
				C605130A2E870182005D1A27 /* UsersListView.swift in Sources */,
				C69182C72E89BDEF00F49982 /* UserPosition.swift in Sources */,
				C69182C92E89C21400F49982 /* PositionsView.swift in Sources */,
				C60513062E8700FC005D1A27 /* EventView.swift in Sources */,
				C6C78C812E866EE80009544D /* Item.swift in Sources */,
				C6C78C9A2E867C670009544D /* TabBarView.swift in Sources */,
				C60513182E87115B005D1A27 /* AppDependency.swift in Sources */,
				C60512F42E86F4CF005D1A27 /* User.swift in Sources */,
				C6183D212E8B0FB70087AEB6 /* RadioButton.swift in Sources */,
				C69182C52E89BD8800F49982 /* UserPositionsDTO.swift in Sources */,
				C60513162E870DA6005D1A27 /* NetError.swift in Sources */,
				C605130F2E870A05005D1A27 /* AppConfig.swift in Sources */,
				C60513122E870B4B005D1A27 /* APIEndpoint.swift in Sources */,
				C651593A2E8939430099A2F6 /* ImageCache.swift in Sources */,
				C6C78C822E866EE80009544D /* UsersTestTaskApp.swift in Sources */,
				C60512ED2E86F483005D1A27 /* UsersView.swift in Sources */,
				C69182C32E89B76000F49982 /* SignUpViewModel.swift in Sources */,
				C60513082E87015D005D1A27 /* EmptyUsersView.swift in Sources */,
				C60512F72E86F719005D1A27 /* UserDTO.swift in Sources */,
				C60513142E870BFF005D1A27 /* HTTPMethod.swift in Sources */,
				C69182C12E89B75100F49982 /* SignUpView.swift in Sources */,
				C605130C2E870845005D1A27 /* NetworkService.swift in Sources */,
				C60512F92E86F971005D1A27 /* UserListRowView.swift in Sources */,
				C60512F22E86F4B3005D1A27 /* UsersViewModel.swift in Sources */,
				C60513042E86FF9A005D1A27 /* TitleView.swift in Sources */,
				C6B87A552E88326400106566 /* ActionButton.swift in Sources */,
			);
			runOnlyForDeploymentPostprocessing = 0;
		};
		C6C78C5A2E866EE20009544D /* Sources */ = {
			isa = PBXSourcesBuildPhase;
			buildActionMask = 2147483647;
			files = (
				C6C78C862E866EEB0009544D /* UsersTestTaskTests.swift in Sources */,
			);
			runOnlyForDeploymentPostprocessing = 0;
		};
/* End PBXSourcesBuildPhase section */

/* Begin PBXTargetDependency section */
		C6C78C602E866EE20009544D /* PBXTargetDependency */ = {
			isa = PBXTargetDependency;
			target = C6C78C4E2E866EE10009544D /* UsersTestTask */;
			targetProxy = C6C78C5F2E866EE20009544D /* PBXContainerItemProxy */;
		};
/* End PBXTargetDependency section */

/* Begin XCBuildConfiguration section */
		C6C78C702E866EE20009544D /* Debug */ = {
			isa = XCBuildConfiguration;
			buildSettings = {
				ALWAYS_SEARCH_USER_PATHS = NO;
				ASSETCATALOG_COMPILER_GENERATE_SWIFT_ASSET_SYMBOL_EXTENSIONS = YES;
				CLANG_ANALYZER_NONNULL = YES;
				CLANG_ANALYZER_NUMBER_OBJECT_CONVERSION = YES_AGGRESSIVE;
				CLANG_CXX_LANGUAGE_STANDARD = "gnu++20";
				CLANG_ENABLE_MODULES = YES;
				CLANG_ENABLE_OBJC_ARC = YES;
				CLANG_ENABLE_OBJC_WEAK = YES;
				CLANG_WARN_BLOCK_CAPTURE_AUTORELEASING = YES;
				CLANG_WARN_BOOL_CONVERSION = YES;
				CLANG_WARN_COMMA = YES;
				CLANG_WARN_CONSTANT_CONVERSION = YES;
				CLANG_WARN_DEPRECATED_OBJC_IMPLEMENTATIONS = YES;
				CLANG_WARN_DIRECT_OBJC_ISA_USAGE = YES_ERROR;
				CLANG_WARN_DOCUMENTATION_COMMENTS = YES;
				CLANG_WARN_EMPTY_BODY = YES;
				CLANG_WARN_ENUM_CONVERSION = YES;
				CLANG_WARN_INFINITE_RECURSION = YES;
				CLANG_WARN_INT_CONVERSION = YES;
				CLANG_WARN_NON_LITERAL_NULL_CONVERSION = YES;
				CLANG_WARN_OBJC_IMPLICIT_RETAIN_SELF = YES;
				CLANG_WARN_OBJC_LITERAL_CONVERSION = YES;
				CLANG_WARN_OBJC_ROOT_CLASS = YES_ERROR;
				CLANG_WARN_QUOTED_INCLUDE_IN_FRAMEWORK_HEADER = YES;
				CLANG_WARN_RANGE_LOOP_ANALYSIS = YES;
				CLANG_WARN_STRICT_PROTOTYPES = YES;
				CLANG_WARN_SUSPICIOUS_MOVE = YES;
				CLANG_WARN_UNGUARDED_AVAILABILITY = YES_AGGRESSIVE;
				CLANG_WARN_UNREACHABLE_CODE = YES;
				CLANG_WARN__DUPLICATE_METHOD_MATCH = YES;
				COPY_PHASE_STRIP = NO;
				DEBUG_INFORMATION_FORMAT = dwarf;
				DEVELOPMENT_TEAM = 69M929ZQ47;
				ENABLE_STRICT_OBJC_MSGSEND = YES;
				ENABLE_TESTABILITY = YES;
				ENABLE_USER_SCRIPT_SANDBOXING = NO;
				GCC_C_LANGUAGE_STANDARD = gnu17;
				GCC_DYNAMIC_NO_PIC = NO;
				GCC_NO_COMMON_BLOCKS = YES;
				GCC_OPTIMIZATION_LEVEL = 0;
				GCC_PREPROCESSOR_DEFINITIONS = (
					"DEBUG=1",
					"$(inherited)",
				);
				GCC_WARN_64_TO_32_BIT_CONVERSION = YES;
				GCC_WARN_ABOUT_RETURN_TYPE = YES_ERROR;
				GCC_WARN_UNDECLARED_SELECTOR = YES;
				GCC_WARN_UNINITIALIZED_AUTOS = YES_AGGRESSIVE;
				GCC_WARN_UNUSED_FUNCTION = YES;
				GCC_WARN_UNUSED_VARIABLE = YES;
				IPHONEOS_DEPLOYMENT_TARGET = 26.0;
				LOCALIZATION_PREFERS_STRING_CATALOGS = YES;
				MTL_ENABLE_DEBUG_INFO = INCLUDE_SOURCE;
				MTL_FAST_MATH = YES;
				ONLY_ACTIVE_ARCH = YES;
				SDKROOT = iphoneos;
				SWIFT_ACTIVE_COMPILATION_CONDITIONS = "DEBUG $(inherited)";
				SWIFT_OPTIMIZATION_LEVEL = "-Onone";
			};
			name = Debug;
		};
		C6C78C712E866EE20009544D /* Release */ = {
			isa = XCBuildConfiguration;
			buildSettings = {
				ALWAYS_SEARCH_USER_PATHS = NO;
				ASSETCATALOG_COMPILER_GENERATE_SWIFT_ASSET_SYMBOL_EXTENSIONS = YES;
				CLANG_ANALYZER_NONNULL = YES;
				CLANG_ANALYZER_NUMBER_OBJECT_CONVERSION = YES_AGGRESSIVE;
				CLANG_CXX_LANGUAGE_STANDARD = "gnu++20";
				CLANG_ENABLE_MODULES = YES;
				CLANG_ENABLE_OBJC_ARC = YES;
				CLANG_ENABLE_OBJC_WEAK = YES;
				CLANG_WARN_BLOCK_CAPTURE_AUTORELEASING = YES;
				CLANG_WARN_BOOL_CONVERSION = YES;
				CLANG_WARN_COMMA = YES;
				CLANG_WARN_CONSTANT_CONVERSION = YES;
				CLANG_WARN_DEPRECATED_OBJC_IMPLEMENTATIONS = YES;
				CLANG_WARN_DIRECT_OBJC_ISA_USAGE = YES_ERROR;
				CLANG_WARN_DOCUMENTATION_COMMENTS = YES;
				CLANG_WARN_EMPTY_BODY = YES;
				CLANG_WARN_ENUM_CONVERSION = YES;
				CLANG_WARN_INFINITE_RECURSION = YES;
				CLANG_WARN_INT_CONVERSION = YES;
				CLANG_WARN_NON_LITERAL_NULL_CONVERSION = YES;
				CLANG_WARN_OBJC_IMPLICIT_RETAIN_SELF = YES;
				CLANG_WARN_OBJC_LITERAL_CONVERSION = YES;
				CLANG_WARN_OBJC_ROOT_CLASS = YES_ERROR;
				CLANG_WARN_QUOTED_INCLUDE_IN_FRAMEWORK_HEADER = YES;
				CLANG_WARN_RANGE_LOOP_ANALYSIS = YES;
				CLANG_WARN_STRICT_PROTOTYPES = YES;
				CLANG_WARN_SUSPICIOUS_MOVE = YES;
				CLANG_WARN_UNGUARDED_AVAILABILITY = YES_AGGRESSIVE;
				CLANG_WARN_UNREACHABLE_CODE = YES;
				CLANG_WARN__DUPLICATE_METHOD_MATCH = YES;
				COPY_PHASE_STRIP = NO;
				DEBUG_INFORMATION_FORMAT = "dwarf-with-dsym";
				DEVELOPMENT_TEAM = 69M929ZQ47;
				ENABLE_NS_ASSERTIONS = NO;
				ENABLE_STRICT_OBJC_MSGSEND = YES;
				ENABLE_USER_SCRIPT_SANDBOXING = NO;
				GCC_C_LANGUAGE_STANDARD = gnu17;
				GCC_NO_COMMON_BLOCKS = YES;
				GCC_WARN_64_TO_32_BIT_CONVERSION = YES;
				GCC_WARN_ABOUT_RETURN_TYPE = YES_ERROR;
				GCC_WARN_UNDECLARED_SELECTOR = YES;
				GCC_WARN_UNINITIALIZED_AUTOS = YES_AGGRESSIVE;
				GCC_WARN_UNUSED_FUNCTION = YES;
				GCC_WARN_UNUSED_VARIABLE = YES;
				IPHONEOS_DEPLOYMENT_TARGET = 26.0;
				LOCALIZATION_PREFERS_STRING_CATALOGS = YES;
				MTL_ENABLE_DEBUG_INFO = NO;
				MTL_FAST_MATH = YES;
				SDKROOT = iphoneos;
				SWIFT_COMPILATION_MODE = wholemodule;
				VALIDATE_PRODUCT = YES;
			};
			name = Release;
		};
		C6C78C732E866EE20009544D /* Debug */ = {
			isa = XCBuildConfiguration;
			buildSettings = {
				ASSETCATALOG_COMPILER_APPICON_NAME = AppIcon;
				ASSETCATALOG_COMPILER_GLOBAL_ACCENT_COLOR_NAME = AccentColor;
				CODE_SIGN_STYLE = Automatic;
				CURRENT_PROJECT_VERSION = 1;
				DEVELOPMENT_TEAM = 69M929ZQ47;
				ENABLE_PREVIEWS = YES;
				GENERATE_INFOPLIST_FILE = YES;
				INFOPLIST_FILE = UsersTestTask/Info.plist;
				INFOPLIST_KEY_UIApplicationSceneManifest_Generation = YES;
				INFOPLIST_KEY_UIApplicationSupportsIndirectInputEvents = YES;
				INFOPLIST_KEY_UILaunchScreen_Generation = YES;
				INFOPLIST_KEY_UILaunchStoryboardName = "Launch Screen.storyboard";
				INFOPLIST_KEY_UISupportedInterfaceOrientations = UIInterfaceOrientationPortrait;
				INFOPLIST_KEY_UISupportedInterfaceOrientations_iPad = "UIInterfaceOrientationLandscapeLeft UIInterfaceOrientationLandscapeRight UIInterfaceOrientationPortrait UIInterfaceOrientationPortraitUpsideDown";
				LD_RUNPATH_SEARCH_PATHS = (
					"$(inherited)",
					"@executable_path/Frameworks",
				);
				MARKETING_VERSION = 1.0;
				PRODUCT_BUNDLE_IDENTIFIER = "com.uk-servers.UsersTestTask";
				PRODUCT_NAME = "$(TARGET_NAME)";
				STRING_CATALOG_GENERATE_SYMBOLS = YES;
				SUPPORTED_PLATFORMS = "iphoneos iphonesimulator";
				SUPPORTS_MACCATALYST = NO;
				SUPPORTS_MAC_DESIGNED_FOR_IPHONE_IPAD = NO;
				SUPPORTS_XR_DESIGNED_FOR_IPHONE_IPAD = NO;
				SWIFT_APPROACHABLE_CONCURRENCY = YES;
				SWIFT_DEFAULT_ACTOR_ISOLATION = MainActor;
				SWIFT_EMIT_LOC_STRINGS = YES;
				SWIFT_UPCOMING_FEATURE_MEMBER_IMPORT_VISIBILITY = YES;
				SWIFT_VERSION = 6.0;
				TARGETED_DEVICE_FAMILY = 1;
			};
			name = Debug;
		};
		C6C78C742E866EE20009544D /* Release */ = {
			isa = XCBuildConfiguration;
			buildSettings = {
				ASSETCATALOG_COMPILER_APPICON_NAME = AppIcon;
				ASSETCATALOG_COMPILER_GLOBAL_ACCENT_COLOR_NAME = AccentColor;
				CODE_SIGN_STYLE = Automatic;
				CURRENT_PROJECT_VERSION = 1;
				DEVELOPMENT_TEAM = 69M929ZQ47;
				ENABLE_PREVIEWS = YES;
				GENERATE_INFOPLIST_FILE = YES;
				INFOPLIST_FILE = UsersTestTask/Info.plist;
				INFOPLIST_KEY_UIApplicationSceneManifest_Generation = YES;
				INFOPLIST_KEY_UIApplicationSupportsIndirectInputEvents = YES;
				INFOPLIST_KEY_UILaunchScreen_Generation = YES;
				INFOPLIST_KEY_UILaunchStoryboardName = "Launch Screen.storyboard";
				INFOPLIST_KEY_UISupportedInterfaceOrientations = UIInterfaceOrientationPortrait;
				INFOPLIST_KEY_UISupportedInterfaceOrientations_iPad = "UIInterfaceOrientationLandscapeLeft UIInterfaceOrientationLandscapeRight UIInterfaceOrientationPortrait UIInterfaceOrientationPortraitUpsideDown";
				LD_RUNPATH_SEARCH_PATHS = (
					"$(inherited)",
					"@executable_path/Frameworks",
				);
				MARKETING_VERSION = 1.0;
				PRODUCT_BUNDLE_IDENTIFIER = "com.uk-servers.UsersTestTask";
				PRODUCT_NAME = "$(TARGET_NAME)";
				STRING_CATALOG_GENERATE_SYMBOLS = YES;
				SUPPORTED_PLATFORMS = "iphoneos iphonesimulator";
				SUPPORTS_MACCATALYST = NO;
				SUPPORTS_MAC_DESIGNED_FOR_IPHONE_IPAD = NO;
				SUPPORTS_XR_DESIGNED_FOR_IPHONE_IPAD = NO;
				SWIFT_APPROACHABLE_CONCURRENCY = YES;
				SWIFT_DEFAULT_ACTOR_ISOLATION = MainActor;
				SWIFT_EMIT_LOC_STRINGS = YES;
				SWIFT_UPCOMING_FEATURE_MEMBER_IMPORT_VISIBILITY = YES;
				SWIFT_VERSION = 6.0;
				TARGETED_DEVICE_FAMILY = 1;
			};
			name = Release;
		};
		C6C78C762E866EE20009544D /* Debug */ = {
			isa = XCBuildConfiguration;
			buildSettings = {
				BUNDLE_LOADER = "$(TEST_HOST)";
				CODE_SIGN_STYLE = Automatic;
				CURRENT_PROJECT_VERSION = 1;
				DEVELOPMENT_TEAM = 69M929ZQ47;
				GENERATE_INFOPLIST_FILE = YES;
				IPHONEOS_DEPLOYMENT_TARGET = 26.0;
				MARKETING_VERSION = 1.0;
				PRODUCT_BUNDLE_IDENTIFIER = "com.uk-servers.UsersTestTaskTests";
				PRODUCT_NAME = "$(TARGET_NAME)";
				STRING_CATALOG_GENERATE_SYMBOLS = NO;
				SWIFT_APPROACHABLE_CONCURRENCY = YES;
				SWIFT_EMIT_LOC_STRINGS = NO;
				SWIFT_UPCOMING_FEATURE_MEMBER_IMPORT_VISIBILITY = YES;
				SWIFT_VERSION = 5.0;
				TARGETED_DEVICE_FAMILY = "1,2";
				TEST_HOST = "$(BUILT_PRODUCTS_DIR)/UsersTestTask.app/$(BUNDLE_EXECUTABLE_FOLDER_PATH)/UsersTestTask";
			};
			name = Debug;
		};
		C6C78C772E866EE20009544D /* Release */ = {
			isa = XCBuildConfiguration;
			buildSettings = {
				BUNDLE_LOADER = "$(TEST_HOST)";
				CODE_SIGN_STYLE = Automatic;
				CURRENT_PROJECT_VERSION = 1;
				DEVELOPMENT_TEAM = 69M929ZQ47;
				GENERATE_INFOPLIST_FILE = YES;
				IPHONEOS_DEPLOYMENT_TARGET = 26.0;
				MARKETING_VERSION = 1.0;
				PRODUCT_BUNDLE_IDENTIFIER = "com.uk-servers.UsersTestTaskTests";
				PRODUCT_NAME = "$(TARGET_NAME)";
				STRING_CATALOG_GENERATE_SYMBOLS = NO;
				SWIFT_APPROACHABLE_CONCURRENCY = YES;
				SWIFT_EMIT_LOC_STRINGS = NO;
				SWIFT_UPCOMING_FEATURE_MEMBER_IMPORT_VISIBILITY = YES;
				SWIFT_VERSION = 5.0;
				TARGETED_DEVICE_FAMILY = "1,2";
				TEST_HOST = "$(BUILT_PRODUCTS_DIR)/UsersTestTask.app/$(BUNDLE_EXECUTABLE_FOLDER_PATH)/UsersTestTask";
			};
			name = Release;
		};
/* End XCBuildConfiguration section */

/* Begin XCConfigurationList section */
		C6C78C4A2E866EE10009544D /* Build configuration list for PBXProject "UsersTestTask" */ = {
			isa = XCConfigurationList;
			buildConfigurations = (
				C6C78C702E866EE20009544D /* Debug */,
				C6C78C712E866EE20009544D /* Release */,
			);
			defaultConfigurationIsVisible = 0;
			defaultConfigurationName = Release;
		};
		C6C78C722E866EE20009544D /* Build configuration list for PBXNativeTarget "UsersTestTask" */ = {
			isa = XCConfigurationList;
			buildConfigurations = (
				C6C78C732E866EE20009544D /* Debug */,
				C6C78C742E866EE20009544D /* Release */,
			);
			defaultConfigurationIsVisible = 0;
			defaultConfigurationName = Release;
		};
		C6C78C752E866EE20009544D /* Build configuration list for PBXNativeTarget "UsersTestTaskTests" */ = {
			isa = XCConfigurationList;
			buildConfigurations = (
				C6C78C762E866EE20009544D /* Debug */,
				C6C78C772E866EE20009544D /* Release */,
			);
			defaultConfigurationIsVisible = 0;
			defaultConfigurationName = Release;
		};
/* End XCConfigurationList section */
	};
	rootObject = C6C78C472E866EE10009544D /* Project object */;
}
